// !$*UTF8*$!
{
	archiveVersion = 1;
	classes = {
	};
	objectVersion = 56;
	objects = {

/* Begin PBXBuildFile section */
		986188832C0B885C001A0469 /* Workout.swift in Sources */ = {isa = PBXBuildFile; fileRef = 986188822C0B885C001A0469 /* Workout.swift */; };
		989AC1F22C08D01400E78F82 /* MainTabBar.swift in Sources */ = {isa = PBXBuildFile; fileRef = 989AC1F12C08D01400E78F82 /* MainTabBar.swift */; };
		989AC1F42C08D02C00E78F82 /* Login.swift in Sources */ = {isa = PBXBuildFile; fileRef = 989AC1F32C08D02C00E78F82 /* Login.swift */; };
		989AC1F62C08D04D00E78F82 /* History.swift in Sources */ = {isa = PBXBuildFile; fileRef = 989AC1F52C08D04D00E78F82 /* History.swift */; };
		989AC1F82C0A2B4100E78F82 /* HealthManager.swift in Sources */ = {isa = PBXBuildFile; fileRef = 989AC1F72C0A2B4100E78F82 /* HealthManager.swift */; };
		98AA53602C02723F005D095F /* Workout3App.swift in Sources */ = {isa = PBXBuildFile; fileRef = 98AA535F2C02723F005D095F /* Workout3App.swift */; };
		98AA53622C02723F005D095F /* ExerciseGroup.swift in Sources */ = {isa = PBXBuildFile; fileRef = 98AA53612C02723F005D095F /* ExerciseGroup.swift */; };
		98AA53642C027241005D095F /* Assets.xcassets in Resources */ = {isa = PBXBuildFile; fileRef = 98AA53632C027241005D095F /* Assets.xcassets */; };
		98AA53672C027241005D095F /* Preview Assets.xcassets in Resources */ = {isa = PBXBuildFile; fileRef = 98AA53662C027241005D095F /* Preview Assets.xcassets */; };
		98AA536E2C039F36005D095F /* Data.swift in Sources */ = {isa = PBXBuildFile; fileRef = 98AA536D2C039F36005D095F /* Data.swift */; };
		98AA53702C039F70005D095F /* Helpers.swift in Sources */ = {isa = PBXBuildFile; fileRef = 98AA536F2C039F70005D095F /* Helpers.swift */; };
		98AA53722C039F96005D095F /* ExerciseReps.swift in Sources */ = {isa = PBXBuildFile; fileRef = 98AA53712C039F96005D095F /* ExerciseReps.swift */; };
		98AA53742C04E5A8005D095F /* HomeView.swift in Sources */ = {isa = PBXBuildFile; fileRef = 98AA53732C04E5A8005D095F /* HomeView.swift */; };
		98CEBBBB2C063D2E0047507A /* HomeListRow.swift in Sources */ = {isa = PBXBuildFile; fileRef = 98CEBBBA2C063D2E0047507A /* HomeListRow.swift */; };
/* End PBXBuildFile section */

/* Begin PBXFileReference section */
		986188822C0B885C001A0469 /* Workout.swift */ = {isa = PBXFileReference; lastKnownFileType = sourcecode.swift; path = Workout.swift; sourceTree = "<group>"; };
		989AC1F12C08D01400E78F82 /* MainTabBar.swift */ = {isa = PBXFileReference; lastKnownFileType = sourcecode.swift; path = MainTabBar.swift; sourceTree = "<group>"; };
		989AC1F32C08D02C00E78F82 /* Login.swift */ = {isa = PBXFileReference; lastKnownFileType = sourcecode.swift; path = Login.swift; sourceTree = "<group>"; };
		989AC1F52C08D04D00E78F82 /* History.swift */ = {isa = PBXFileReference; lastKnownFileType = sourcecode.swift; path = History.swift; sourceTree = "<group>"; };
		989AC1F72C0A2B4100E78F82 /* HealthManager.swift */ = {isa = PBXFileReference; lastKnownFileType = sourcecode.swift; path = HealthManager.swift; sourceTree = "<group>"; };
		989AC1F92C0A2DD500E78F82 /* Workout3.entitlements */ = {isa = PBXFileReference; lastKnownFileType = text.plist.entitlements; path = Workout3.entitlements; sourceTree = "<group>"; };
		989AC1FA2C0A2DEF00E78F82 /* Info.plist */ = {isa = PBXFileReference; lastKnownFileType = text.plist; path = Info.plist; sourceTree = "<group>"; };
		98AA535C2C02723F005D095F /* Workout3.app */ = {isa = PBXFileReference; explicitFileType = wrapper.application; includeInIndex = 0; path = Workout3.app; sourceTree = BUILT_PRODUCTS_DIR; };
		98AA535F2C02723F005D095F /* Workout3App.swift */ = {isa = PBXFileReference; lastKnownFileType = sourcecode.swift; path = Workout3App.swift; sourceTree = "<group>"; };
		98AA53612C02723F005D095F /* ExerciseGroup.swift */ = {isa = PBXFileReference; lastKnownFileType = sourcecode.swift; path = ExerciseGroup.swift; sourceTree = "<group>"; };
		98AA53632C027241005D095F /* Assets.xcassets */ = {isa = PBXFileReference; lastKnownFileType = folder.assetcatalog; path = Assets.xcassets; sourceTree = "<group>"; };
		98AA53662C027241005D095F /* Preview Assets.xcassets */ = {isa = PBXFileReference; lastKnownFileType = folder.assetcatalog; path = "Preview Assets.xcassets"; sourceTree = "<group>"; };
		98AA536D2C039F36005D095F /* Data.swift */ = {isa = PBXFileReference; lastKnownFileType = sourcecode.swift; path = Data.swift; sourceTree = "<group>"; };
		98AA536F2C039F70005D095F /* Helpers.swift */ = {isa = PBXFileReference; lastKnownFileType = sourcecode.swift; path = Helpers.swift; sourceTree = "<group>"; };
		98AA53712C039F96005D095F /* ExerciseReps.swift */ = {isa = PBXFileReference; lastKnownFileType = sourcecode.swift; path = ExerciseReps.swift; sourceTree = "<group>"; };
		98AA53732C04E5A8005D095F /* HomeView.swift */ = {isa = PBXFileReference; lastKnownFileType = sourcecode.swift; path = HomeView.swift; sourceTree = "<group>"; };
		98CEBBBA2C063D2E0047507A /* HomeListRow.swift */ = {isa = PBXFileReference; lastKnownFileType = sourcecode.swift; path = HomeListRow.swift; sourceTree = "<group>"; };
/* End PBXFileReference section */

/* Begin PBXFrameworksBuildPhase section */
		98AA53592C02723F005D095F /* Frameworks */ = {
			isa = PBXFrameworksBuildPhase;
			buildActionMask = 2147483647;
			files = (
			);
			runOnlyForDeploymentPostprocessing = 0;
		};
/* End PBXFrameworksBuildPhase section */

/* Begin PBXGroup section */
		98AA53532C02723F005D095F = {
			isa = PBXGroup;
			children = (
				98AA535E2C02723F005D095F /* Workout3 */,
				98AA535D2C02723F005D095F /* Products */,
			);
			sourceTree = "<group>";
		};
		98AA535D2C02723F005D095F /* Products */ = {
			isa = PBXGroup;
			children = (
				98AA535C2C02723F005D095F /* Workout3.app */,
			);
			name = Products;
			sourceTree = "<group>";
		};
		98AA535E2C02723F005D095F /* Workout3 */ = {
			isa = PBXGroup;
			children = (
				989AC1FA2C0A2DEF00E78F82 /* Info.plist */,
				989AC1F92C0A2DD500E78F82 /* Workout3.entitlements */,
				98AA535F2C02723F005D095F /* Workout3App.swift */,
				989AC1F12C08D01400E78F82 /* MainTabBar.swift */,
				98AA53732C04E5A8005D095F /* HomeView.swift */,
				98CEBBBA2C063D2E0047507A /* HomeListRow.swift */,
				98AA53612C02723F005D095F /* ExerciseGroup.swift */,
				98AA53712C039F96005D095F /* ExerciseReps.swift */,
				989AC1F32C08D02C00E78F82 /* Login.swift */,
				989AC1F52C08D04D00E78F82 /* History.swift */,
				98AA536D2C039F36005D095F /* Data.swift */,
				989AC1F72C0A2B4100E78F82 /* HealthManager.swift */,
				986188822C0B885C001A0469 /* Workout.swift */,
				98AA536F2C039F70005D095F /* Helpers.swift */,
				98AA53632C027241005D095F /* Assets.xcassets */,
				98AA53652C027241005D095F /* Preview Content */,
			);
			path = Workout3;
			sourceTree = "<group>";
		};
		98AA53652C027241005D095F /* Preview Content */ = {
			isa = PBXGroup;
			children = (
				98AA53662C027241005D095F /* Preview Assets.xcassets */,
			);
			path = "Preview Content";
			sourceTree = "<group>";
		};
/* End PBXGroup section */

/* Begin PBXNativeTarget section */
		98AA535B2C02723F005D095F /* Workout3 */ = {
			isa = PBXNativeTarget;
			buildConfigurationList = 98AA536A2C027241005D095F /* Build configuration list for PBXNativeTarget "Workout3" */;
			buildPhases = (
				98AA53582C02723F005D095F /* Sources */,
				98AA53592C02723F005D095F /* Frameworks */,
				98AA535A2C02723F005D095F /* Resources */,
			);
			buildRules = (
			);
			dependencies = (
			);
			name = Workout3;
			productName = Workout3;
			productReference = 98AA535C2C02723F005D095F /* Workout3.app */;
			productType = "com.apple.product-type.application";
		};
/* End PBXNativeTarget section */

/* Begin PBXProject section */
		98AA53542C02723F005D095F /* Project object */ = {
			isa = PBXProject;
			attributes = {
				BuildIndependentTargetsInParallel = 1;
				LastSwiftUpdateCheck = 1540;
				LastUpgradeCheck = 1540;
				TargetAttributes = {
					98AA535B2C02723F005D095F = {
						CreatedOnToolsVersion = 15.4;
					};
				};
			};
			buildConfigurationList = 98AA53572C02723F005D095F /* Build configuration list for PBXProject "Workout3" */;
			compatibilityVersion = "Xcode 14.0";
			developmentRegion = en;
			hasScannedForEncodings = 0;
			knownRegions = (
				en,
				Base,
			);
			mainGroup = 98AA53532C02723F005D095F;
			productRefGroup = 98AA535D2C02723F005D095F /* Products */;
			projectDirPath = "";
			projectRoot = "";
			targets = (
				98AA535B2C02723F005D095F /* Workout3 */,
			);
		};
/* End PBXProject section */

/* Begin PBXResourcesBuildPhase section */
		98AA535A2C02723F005D095F /* Resources */ = {
			isa = PBXResourcesBuildPhase;
			buildActionMask = 2147483647;
			files = (
				98AA53672C027241005D095F /* Preview Assets.xcassets in Resources */,
				98AA53642C027241005D095F /* Assets.xcassets in Resources */,
			);
			runOnlyForDeploymentPostprocessing = 0;
		};
/* End PBXResourcesBuildPhase section */

/* Begin PBXSourcesBuildPhase section */
		98AA53582C02723F005D095F /* Sources */ = {
			isa = PBXSourcesBuildPhase;
			buildActionMask = 2147483647;
			files = (
				98CEBBBB2C063D2E0047507A /* HomeListRow.swift in Sources */,
				98AA53622C02723F005D095F /* ExerciseGroup.swift in Sources */,
				98AA536E2C039F36005D095F /* Data.swift in Sources */,
				98AA53722C039F96005D095F /* ExerciseReps.swift in Sources */,
				989AC1F82C0A2B4100E78F82 /* HealthManager.swift in Sources */,
				989AC1F62C08D04D00E78F82 /* History.swift in Sources */,
				989AC1F22C08D01400E78F82 /* MainTabBar.swift in Sources */,
				98AA53742C04E5A8005D095F /* HomeView.swift in Sources */,
				989AC1F42C08D02C00E78F82 /* Login.swift in Sources */,
				98AA53602C02723F005D095F /* Workout3App.swift in Sources */,
				98AA53702C039F70005D095F /* Helpers.swift in Sources */,
				986188832C0B885C001A0469 /* Workout.swift in Sources */,
			);
			runOnlyForDeploymentPostprocessing = 0;
		};
/* End PBXSourcesBuildPhase section */

/* Begin XCBuildConfiguration section */
		98AA53682C027241005D095F /* Debug */ = {
			isa = XCBuildConfiguration;
			buildSettings = {
				ALWAYS_SEARCH_USER_PATHS = NO;
				ASSETCATALOG_COMPILER_GENERATE_SWIFT_ASSET_SYMBOL_EXTENSIONS = YES;
				CLANG_ANALYZER_NONNULL = YES;
				CLANG_ANALYZER_NUMBER_OBJECT_CONVERSION = YES_AGGRESSIVE;
				CLANG_CXX_LANGUAGE_STANDARD = "gnu++20";
				CLANG_ENABLE_MODULES = YES;
				CLANG_ENABLE_OBJC_ARC = YES;
				CLANG_ENABLE_OBJC_WEAK = YES;
				CLANG_WARN_BLOCK_CAPTURE_AUTORELEASING = YES;
				CLANG_WARN_BOOL_CONVERSION = YES;
				CLANG_WARN_COMMA = YES;
				CLANG_WARN_CONSTANT_CONVERSION = YES;
				CLANG_WARN_DEPRECATED_OBJC_IMPLEMENTATIONS = YES;
				CLANG_WARN_DIRECT_OBJC_ISA_USAGE = YES_ERROR;
				CLANG_WARN_DOCUMENTATION_COMMENTS = YES;
				CLANG_WARN_EMPTY_BODY = YES;
				CLANG_WARN_ENUM_CONVERSION = YES;
				CLANG_WARN_INFINITE_RECURSION = YES;
				CLANG_WARN_INT_CONVERSION = YES;
				CLANG_WARN_NON_LITERAL_NULL_CONVERSION = YES;
				CLANG_WARN_OBJC_IMPLICIT_RETAIN_SELF = YES;
				CLANG_WARN_OBJC_LITERAL_CONVERSION = YES;
				CLANG_WARN_OBJC_ROOT_CLASS = YES_ERROR;
				CLANG_WARN_QUOTED_INCLUDE_IN_FRAMEWORK_HEADER = YES;
				CLANG_WARN_RANGE_LOOP_ANALYSIS = YES;
				CLANG_WARN_STRICT_PROTOTYPES = YES;
				CLANG_WARN_SUSPICIOUS_MOVE = YES;
				CLANG_WARN_UNGUARDED_AVAILABILITY = YES_AGGRESSIVE;
				CLANG_WARN_UNREACHABLE_CODE = YES;
				CLANG_WARN__DUPLICATE_METHOD_MATCH = YES;
				COPY_PHASE_STRIP = NO;
				DEBUG_INFORMATION_FORMAT = dwarf;
				ENABLE_STRICT_OBJC_MSGSEND = YES;
				ENABLE_TESTABILITY = YES;
				ENABLE_USER_SCRIPT_SANDBOXING = YES;
				GCC_C_LANGUAGE_STANDARD = gnu17;
				GCC_DYNAMIC_NO_PIC = NO;
				GCC_NO_COMMON_BLOCKS = YES;
				GCC_OPTIMIZATION_LEVEL = 0;
				GCC_PREPROCESSOR_DEFINITIONS = (
					"DEBUG=1",
					"$(inherited)",
				);
				GCC_WARN_64_TO_32_BIT_CONVERSION = YES;
				GCC_WARN_ABOUT_RETURN_TYPE = YES_ERROR;
				GCC_WARN_UNDECLARED_SELECTOR = YES;
				GCC_WARN_UNINITIALIZED_AUTOS = YES_AGGRESSIVE;
				GCC_WARN_UNUSED_FUNCTION = YES;
				GCC_WARN_UNUSED_VARIABLE = YES;
				IPHONEOS_DEPLOYMENT_TARGET = 17.5;
				LOCALIZATION_PREFERS_STRING_CATALOGS = YES;
				MTL_ENABLE_DEBUG_INFO = INCLUDE_SOURCE;
				MTL_FAST_MATH = YES;
				ONLY_ACTIVE_ARCH = YES;
				SDKROOT = iphoneos;
				SWIFT_ACTIVE_COMPILATION_CONDITIONS = "DEBUG $(inherited)";
				SWIFT_OPTIMIZATION_LEVEL = "-Onone";
			};
			name = Debug;
		};
		98AA53692C027241005D095F /* Release */ = {
			isa = XCBuildConfiguration;
			buildSettings = {
				ALWAYS_SEARCH_USER_PATHS = NO;
				ASSETCATALOG_COMPILER_GENERATE_SWIFT_ASSET_SYMBOL_EXTENSIONS = YES;
				CLANG_ANALYZER_NONNULL = YES;
				CLANG_ANALYZER_NUMBER_OBJECT_CONVERSION = YES_AGGRESSIVE;
				CLANG_CXX_LANGUAGE_STANDARD = "gnu++20";
				CLANG_ENABLE_MODULES = YES;
				CLANG_ENABLE_OBJC_ARC = YES;
				CLANG_ENABLE_OBJC_WEAK = YES;
				CLANG_WARN_BLOCK_CAPTURE_AUTORELEASING = YES;
				CLANG_WARN_BOOL_CONVERSION = YES;
				CLANG_WARN_COMMA = YES;
				CLANG_WARN_CONSTANT_CONVERSION = YES;
				CLANG_WARN_DEPRECATED_OBJC_IMPLEMENTATIONS = YES;
				CLANG_WARN_DIRECT_OBJC_ISA_USAGE = YES_ERROR;
				CLANG_WARN_DOCUMENTATION_COMMENTS = YES;
				CLANG_WARN_EMPTY_BODY = YES;
				CLANG_WARN_ENUM_CONVERSION = YES;
				CLANG_WARN_INFINITE_RECURSION = YES;
				CLANG_WARN_INT_CONVERSION = YES;
				CLANG_WARN_NON_LITERAL_NULL_CONVERSION = YES;
				CLANG_WARN_OBJC_IMPLICIT_RETAIN_SELF = YES;
				CLANG_WARN_OBJC_LITERAL_CONVERSION = YES;
				CLANG_WARN_OBJC_ROOT_CLASS = YES_ERROR;
				CLANG_WARN_QUOTED_INCLUDE_IN_FRAMEWORK_HEADER = YES;
				CLANG_WARN_RANGE_LOOP_ANALYSIS = YES;
				CLANG_WARN_STRICT_PROTOTYPES = YES;
				CLANG_WARN_SUSPICIOUS_MOVE = YES;
				CLANG_WARN_UNGUARDED_AVAILABILITY = YES_AGGRESSIVE;
				CLANG_WARN_UNREACHABLE_CODE = YES;
				CLANG_WARN__DUPLICATE_METHOD_MATCH = YES;
				COPY_PHASE_STRIP = NO;
				DEBUG_INFORMATION_FORMAT = "dwarf-with-dsym";
				ENABLE_NS_ASSERTIONS = NO;
				ENABLE_STRICT_OBJC_MSGSEND = YES;
				ENABLE_USER_SCRIPT_SANDBOXING = YES;
				GCC_C_LANGUAGE_STANDARD = gnu17;
				GCC_NO_COMMON_BLOCKS = YES;
				GCC_WARN_64_TO_32_BIT_CONVERSION = YES;
				GCC_WARN_ABOUT_RETURN_TYPE = YES_ERROR;
				GCC_WARN_UNDECLARED_SELECTOR = YES;
				GCC_WARN_UNINITIALIZED_AUTOS = YES_AGGRESSIVE;
				GCC_WARN_UNUSED_FUNCTION = YES;
				GCC_WARN_UNUSED_VARIABLE = YES;
				IPHONEOS_DEPLOYMENT_TARGET = 17.5;
				LOCALIZATION_PREFERS_STRING_CATALOGS = YES;
				MTL_ENABLE_DEBUG_INFO = NO;
				MTL_FAST_MATH = YES;
				SDKROOT = iphoneos;
				SWIFT_COMPILATION_MODE = wholemodule;
				VALIDATE_PRODUCT = YES;
			};
			name = Release;
		};
		98AA536B2C027241005D095F /* Debug */ = {
			isa = XCBuildConfiguration;
			buildSettings = {
				ASSETCATALOG_COMPILER_APPICON_NAME = AppIcon;
				ASSETCATALOG_COMPILER_GLOBAL_ACCENT_COLOR_NAME = AccentColor;
				CODE_SIGN_ENTITLEMENTS = Workout3/Workout3.entitlements;
				CODE_SIGN_STYLE = Automatic;
				CURRENT_PROJECT_VERSION = 1;
				DEVELOPMENT_ASSET_PATHS = "\"Workout3/Preview Content\"";
				DEVELOPMENT_TEAM = 3BJT5DLG7B;
				ENABLE_PREVIEWS = YES;
				GENERATE_INFOPLIST_FILE = YES;
				INFOPLIST_FILE = Workout3/Info.plist;
				INFOPLIST_KEY_CFBundleDisplayName = Workout;
				INFOPLIST_KEY_LSApplicationCategoryType = "public.app-category.healthcare-fitness";
				INFOPLIST_KEY_NSHealthShareUsageDescription = "Please allow access to enjoy health features in this app";
				INFOPLIST_KEY_UIApplicationSceneManifest_Generation = YES;
				INFOPLIST_KEY_UIApplicationSupportsIndirectInputEvents = YES;
				INFOPLIST_KEY_UILaunchScreen_Generation = YES;
				INFOPLIST_KEY_UISupportedInterfaceOrientations_iPad = "UIInterfaceOrientationPortrait UIInterfaceOrientationPortraitUpsideDown UIInterfaceOrientationLandscapeLeft UIInterfaceOrientationLandscapeRight";
				INFOPLIST_KEY_UISupportedInterfaceOrientations_iPhone = "UIInterfaceOrientationPortrait UIInterfaceOrientationLandscapeLeft UIInterfaceOrientationLandscapeRight";
				LD_RUNPATH_SEARCH_PATHS = (
					"$(inherited)",
					"@executable_path/Frameworks",
				);
				MARKETING_VERSION = 1.0;
				PRODUCT_BUNDLE_IDENTIFIER = com.ruthlessspine.Workout3;
				PRODUCT_NAME = "$(TARGET_NAME)";
				SWIFT_EMIT_LOC_STRINGS = YES;
				SWIFT_VERSION = 5.0;
				TARGETED_DEVICE_FAMILY = "1,2";
			};
			name = Debug;
		};
		98AA536C2C027241005D095F /* Release */ = {
			isa = XCBuildConfiguration;
			buildSettings = {
				ASSETCATALOG_COMPILER_APPICON_NAME = AppIcon;
				ASSETCATALOG_COMPILER_GLOBAL_ACCENT_COLOR_NAME = AccentColor;
				CODE_SIGN_ENTITLEMENTS = Workout3/Workout3.entitlements;
				CODE_SIGN_STYLE = Automatic;
				CURRENT_PROJECT_VERSION = 1;
				DEVELOPMENT_ASSET_PATHS = "\"Workout3/Preview Content\"";
				DEVELOPMENT_TEAM = 3BJT5DLG7B;
				ENABLE_PREVIEWS = YES;
				GENERATE_INFOPLIST_FILE = YES;
				INFOPLIST_FILE = Workout3/Info.plist;
				INFOPLIST_KEY_CFBundleDisplayName = Workout;
				INFOPLIST_KEY_LSApplicationCategoryType = "public.app-category.healthcare-fitness";
				INFOPLIST_KEY_NSHealthShareUsageDescription = "Please allow access to enjoy health features in this app";
				INFOPLIST_KEY_UIApplicationSceneManifest_Generation = YES;
				INFOPLIST_KEY_UIApplicationSupportsIndirectInputEvents = YES;
				INFOPLIST_KEY_UILaunchScreen_Generation = YES;
				INFOPLIST_KEY_UISupportedInterfaceOrientations_iPad = "UIInterfaceOrientationPortrait UIInterfaceOrientationPortraitUpsideDown UIInterfaceOrientationLandscapeLeft UIInterfaceOrientationLandscapeRight";
				INFOPLIST_KEY_UISupportedInterfaceOrientations_iPhone = "UIInterfaceOrientationPortrait UIInterfaceOrientationLandscapeLeft UIInterfaceOrientationLandscapeRight";
				LD_RUNPATH_SEARCH_PATHS = (
					"$(inherited)",
					"@executable_path/Frameworks",
				);
				MARKETING_VERSION = 1.0;
				PRODUCT_BUNDLE_IDENTIFIER = com.ruthlessspine.Workout3;
				PRODUCT_NAME = "$(TARGET_NAME)";
				SWIFT_EMIT_LOC_STRINGS = YES;
				SWIFT_VERSION = 5.0;
				TARGETED_DEVICE_FAMILY = "1,2";
			};
			name = Release;
		};
/* End XCBuildConfiguration section */

/* Begin XCConfigurationList section */
		98AA53572C02723F005D095F /* Build configuration list for PBXProject "Workout3" */ = {
			isa = XCConfigurationList;
			buildConfigurations = (
				98AA53682C027241005D095F /* Debug */,
				98AA53692C027241005D095F /* Release */,
			);
			defaultConfigurationIsVisible = 0;
			defaultConfigurationName = Release;
		};
		98AA536A2C027241005D095F /* Build configuration list for PBXNativeTarget "Workout3" */ = {
			isa = XCConfigurationList;
			buildConfigurations = (
				98AA536B2C027241005D095F /* Debug */,
				98AA536C2C027241005D095F /* Release */,
			);
			defaultConfigurationIsVisible = 0;
			defaultConfigurationName = Release;
		};
/* End XCConfigurationList section */
	};
	rootObject = 98AA53542C02723F005D095F /* Project object */;
}
